
Microsoft Visual Studio Solution File, Format Version 12.00
# Visual Studio 15
VisualStudioVersion = 15.0.28307.1022
MinimumVisualStudioVersion = 10.0.40219.1
Project("{FAE04EC0-301F-11D3-BF4B-00C04F79EFBC}") = "S42B-terminal", "S42B-terminal\S42B-terminal.csproj", "{54AA62CC-D291-4A74-A6D6-E208AB6550AD}"
EndProject
Global
	GlobalSection(SolutionConfigurationPlatforms) = preSolution
		Debug|Any CPU = Debug|Any CPU
		Release|Any CPU = Release|Any CPU
	EndGlobalSection
	GlobalSection(ProjectConfigurationPlatforms) = postSolution
		{54AA62CC-D291-4A74-A6D6-E208AB6550AD}.Debug|Any CPU.ActiveCfg = Debug|Any CPU
		{54AA62CC-D291-4A74-A6D6-E208AB6550AD}.Debug|Any CPU.Build.0 = Debug|Any CPU
		{54AA62CC-D291-4A74-A6D6-E208AB6550AD}.Release|Any CPU.ActiveCfg = Release|Any CPU
		{54AA62CC-D291-4A74-A6D6-E208AB6550AD}.Release|Any CPU.Build.0 = Release|Any CPU
	EndGlobalSection
	GlobalSection(SolutionProperties) = preSolution
		HideSolutionNode = FALSE
	EndGlobalSection
	GlobalSection(ExtensibilityGlobals) = postSolution
		SolutionGuid = {4C7AAA46-8232-449B-BDA7-5780DDDC3716}
	EndGlobalSection
EndGlobal
